{
  "name": "@ubs-platform/users-mona-roles",
  "version": "4.2.3",
  "lockfileVersion": 3,
  "requires": true,
  "packages": {
    "": {
      "name": "@ubs-platform/users-mona-roles",
      "version": "4.2.3",
      "license": "MIT",
      "dependencies": {
        "crypto-promise": "^2.1.0",
        "tslib": "^2.3.0"
      },
      "devDependencies": {
        "@types/node": "~18.16.9",
        "typescript": "~5.3.2"
      },
      "peerDependencies": {
        "@nestjs/common": "^11.0.7",
        "@nestjs/core": "^11.0.7",
        "@ubs-platform/users-common": "4.2.3"
      }
    },
    "node_modules/@lukeed/csprng": {
      "version": "1.1.0",
      "resolved": "https://registry.npmjs.org/@lukeed/csprng/-/csprng-1.1.0.tgz",
      "integrity": "sha512-Z7C/xXCiGWsg0KuKsHTKJxbWhpI3Vs5GwLfOean7MGyVFGqdRgBbAjOCh6u4bbjPc/8MJ2pZmK/0DLdCbivLDA==",
      "peer": true,
      "engines": {
        "node": ">=8"
      }
    },
    "node_modules/@nestjs/common": {
      "version": "11.0.7",
      "resolved": "https://registry.npmjs.org/@nestjs/common/-/common-11.0.7.tgz",
      "integrity": "sha512-2HXwaFem0IUCMoruOIC57wSxuRBBRJQwfcuHw6dsL15bqekpgmR8I53zT4RGfX7bgRDr8tINvzRun8PFeSiVgA==",
      "peer": true,
      "dependencies": {
        "iterare": "1.2.1",
        "tslib": "2.8.1",
        "uid": "2.0.2"
      },
      "funding": {
        "type": "opencollective",
        "url": "https://opencollective.com/nest"
      },
      "peerDependencies": {
        "class-transformer": "*",
        "class-validator": "*",
        "reflect-metadata": "^0.1.12 || ^0.2.0",
        "rxjs": "^7.1.0"
      },
      "peerDependenciesMeta": {
        "class-transformer": {
          "optional": true
        },
        "class-validator": {
          "optional": true
        }
      }
    },
    "node_modules/@nestjs/core": {
      "version": "11.0.7",
      "resolved": "https://registry.npmjs.org/@nestjs/core/-/core-11.0.7.tgz",
      "integrity": "sha512-LRijT+lXBpWjySJDNI+P18T+JiYOrpIBP/y8B+ObJN+sdaV3AFNT8cdf1U4hnkDbNGuIvVx1yNiRi6QNNVyw3A==",
      "hasInstallScript": true,
      "peer": true,
      "dependencies": {
        "@nuxt/opencollective": "0.4.1",
        "fast-safe-stringify": "2.1.1",
        "iterare": "1.2.1",
        "path-to-regexp": "8.2.0",
        "tslib": "2.8.1",
        "uid": "2.0.2"
      },
      "engines": {
        "node": ">= 20"
      },
      "funding": {
        "type": "opencollective",
        "url": "https://opencollective.com/nest"
      },
      "peerDependencies": {
        "@nestjs/common": "^11.0.0",
        "@nestjs/microservices": "^11.0.0",
        "@nestjs/platform-express": "^11.0.0",
        "@nestjs/websockets": "^11.0.0",
        "reflect-metadata": "^0.1.12 || ^0.2.0",
        "rxjs": "^7.1.0"
      },
      "peerDependenciesMeta": {
        "@nestjs/microservices": {
          "optional": true
        },
        "@nestjs/platform-express": {
          "optional": true
        },
        "@nestjs/websockets": {
          "optional": true
        }
      }
    },
    "node_modules/@nuxt/opencollective": {
      "version": "0.4.1",
      "resolved": "https://registry.npmjs.org/@nuxt/opencollective/-/opencollective-0.4.1.tgz",
      "integrity": "sha512-GXD3wy50qYbxCJ652bDrDzgMr3NFEkIS374+IgFQKkCvk9yiYcLvX2XDYr7UyQxf4wK0e+yqDYRubZ0DtOxnmQ==",
      "peer": true,
      "dependencies": {
        "consola": "^3.2.3"
      },
      "bin": {
        "opencollective": "bin/opencollective.js"
      },
      "engines": {
        "node": "^14.18.0 || >=16.10.0",
        "npm": ">=5.10.0"
      }
    },
    "node_modules/@types/node": {
      "version": "18.16.20",
      "resolved": "https://registry.npmjs.org/@types/node/-/node-18.16.20.tgz",
      "integrity": "sha512-nL54VfDjThdP2UXJXZao5wp76CDiDw4zSRO8d4Tk7UgDqNKGKVEQB0/t3ti63NS+YNNkIQDvwEAF04BO+WYu7Q==",
      "dev": true
    },
    "node_modules/@ubs-platform/users-common": {
      "version": "4.2.3",
      "resolved": "https://registry.npmjs.org/@ubs-platform/users-common/-/users-common-4.2.3.tgz",
      "integrity": "sha512-HYbosLWEoaNvV73w+qm3Fv6xQUTMDHeJrWRY4xBq7LckRuVhcKIRjD42eP4G+zH/4QK76Jpw1C4KYeivqq7Tmg==",
      "peer": true,
      "dependencies": {
        "tslib": "^2.3.0"
      }
    },
    "node_modules/asap": {
      "version": "1.0.0",
      "resolved": "https://registry.npmjs.org/asap/-/asap-1.0.0.tgz",
      "integrity": "sha512-Ej9qjcXY+8Tuy1cNqiwNMwFRXOy9UwgTeMA8LxreodygIPV48lx8PU1ecFxb5ZeU1DpMKxiq6vGLTxcitWZPbA=="
    },
    "node_modules/buffer-from": {
      "version": "1.1.2",
      "resolved": "https://registry.npmjs.org/buffer-from/-/buffer-from-1.1.2.tgz",
      "integrity": "sha512-E+XQCRwSbaaiChtv6k6Dwgc+bx+Bs6vuKJHHl5kox/BaKbhiXzqQOwK4cO22yElGp2OCmjwVhT3HmxgyPGnJfQ=="
    },
    "node_modules/concat-stream": {
      "version": "1.6.2",
      "resolved": "https://registry.npmjs.org/concat-stream/-/concat-stream-1.6.2.tgz",
      "integrity": "sha512-27HBghJxjiZtIk3Ycvn/4kbJk/1uZuJFfuPEns6LaEvpvG1f0hTea8lilrouyo9mVc2GWdcEZ8OLoGmSADlrCw==",
      "engines": [
        "node >= 0.8"
      ],
      "dependencies": {
        "buffer-from": "^1.0.0",
        "inherits": "^2.0.3",
        "readable-stream": "^2.2.2",
        "typedarray": "^0.0.6"
      }
    },
    "node_modules/consola": {
      "version": "3.4.0",
      "resolved": "https://registry.npmjs.org/consola/-/consola-3.4.0.tgz",
      "integrity": "sha512-EiPU8G6dQG0GFHNR8ljnZFki/8a+cQwEQ+7wpxdChl02Q8HXlwEZWD5lqAF8vC2sEC3Tehr8hy7vErz88LHyUA==",
      "peer": true,
      "engines": {
        "node": "^14.18.0 || >=16.10.0"
      }
    },
    "node_modules/core-util-is": {
      "version": "1.0.3",
      "resolved": "https://registry.npmjs.org/core-util-is/-/core-util-is-1.0.3.tgz",
      "integrity": "sha512-ZQBvi1DcpJ4GDqanjucZ2Hj3wEO5pZDS89BWbkcrvdxksJorwUDDZamX9ldFkp9aw2lmBDLgkObEA4DWNJ9FYQ=="
    },
    "node_modules/crypto-promise": {
      "version": "2.1.0",
      "resolved": "https://registry.npmjs.org/crypto-promise/-/crypto-promise-2.1.0.tgz",
      "integrity": "sha512-jkfCVhLJKVfFjgCntWzbPL5FOZk2KqlJMMVsdu+tGwgtQCRahX6YbQ6LtDDNcehnlRc6yOyrQBfuQOUro8Oyuw==",
      "dependencies": {
        "es6-denodeify": "^0.1.5",
        "stream-concat-promise": "^1.0.0"
      }
    },
    "node_modules/es6-denodeify": {
      "version": "0.1.5",
      "resolved": "https://registry.npmjs.org/es6-denodeify/-/es6-denodeify-0.1.5.tgz",
      "integrity": "sha512-731Rf4NqlPvhkT1pIF7r8vZxESJlWocNpXLuyPlVnfEGXlwuJaMvU5WpyyDjpudDC2cgXVX849xljzvQqBg1QQ=="
    },
    "node_modules/fast-safe-stringify": {
      "version": "2.1.1",
      "resolved": "https://registry.npmjs.org/fast-safe-stringify/-/fast-safe-stringify-2.1.1.tgz",
      "integrity": "sha512-W+KJc2dmILlPplD/H4K9l9LcAHAfPtP6BY84uVLXQ6Evcz9Lcg33Y2z1IVblT6xdY54PXYVHEv+0Wpq8Io6zkA==",
      "peer": true
    },
    "node_modules/inherits": {
      "version": "2.0.4",
      "resolved": "https://registry.npmjs.org/inherits/-/inherits-2.0.4.tgz",
      "integrity": "sha512-k/vGaX4/Yla3WzyMCvTQOXYeIHvqOKtnqBduzTHpzpQZzAskKMhZ2K+EnBiSM9zGSoIFeMpXKxa4dYeZIQqewQ=="
    },
    "node_modules/isarray": {
      "version": "1.0.0",
      "resolved": "https://registry.npmjs.org/isarray/-/isarray-1.0.0.tgz",
      "integrity": "sha512-VLghIWNM6ELQzo7zwmcg0NmTVyWKYjvIeM83yjp0wRDTmUnrM678fQbcKBo6n2CJEF0szoG//ytg+TKla89ALQ=="
    },
    "node_modules/iterare": {
      "version": "1.2.1",
      "resolved": "https://registry.npmjs.org/iterare/-/iterare-1.2.1.tgz",
      "integrity": "sha512-RKYVTCjAnRthyJes037NX/IiqeidgN1xc3j1RjFfECFp28A1GVwK9nA+i0rJPaHqSZwygLzRnFlzUuHFoWWy+Q==",
      "peer": true,
      "engines": {
        "node": ">=6"
      }
    },
    "node_modules/path-to-regexp": {
      "version": "8.2.0",
      "resolved": "https://registry.npmjs.org/path-to-regexp/-/path-to-regexp-8.2.0.tgz",
      "integrity": "sha512-TdrF7fW9Rphjq4RjrW0Kp2AW0Ahwu9sRGTkS6bvDi0SCwZlEZYmcfDbEsTz8RVk0EHIS/Vd1bv3JhG+1xZuAyQ==",
      "peer": true,
      "engines": {
        "node": ">=16"
      }
    },
    "node_modules/process-nextick-args": {
      "version": "2.0.1",
      "resolved": "https://registry.npmjs.org/process-nextick-args/-/process-nextick-args-2.0.1.tgz",
      "integrity": "sha512-3ouUOpQhtgrbOa17J7+uxOTpITYWaGP7/AhoR3+A+/1e9skrzelGi/dXzEYyvbxubEF6Wn2ypscTKiKJFFn1ag=="
    },
    "node_modules/promise": {
      "version": "6.1.0",
      "resolved": "https://registry.npmjs.org/promise/-/promise-6.1.0.tgz",
      "integrity": "sha512-O+uwGKreKNKkshzZv2P7N64lk6EP17iXBn0PbUnNQhk+Q0AHLstiTrjkx3v5YBd3cxUe7Sq6KyRhl/A0xUjk7Q==",
      "dependencies": {
        "asap": "~1.0.0"
      }
    },
    "node_modules/readable-stream": {
      "version": "2.3.8",
      "resolved": "https://registry.npmjs.org/readable-stream/-/readable-stream-2.3.8.tgz",
      "integrity": "sha512-8p0AUk4XODgIewSi0l8Epjs+EVnWiK7NoDIEGU0HhE7+ZyY8D1IMY7odu5lRrFXGg71L15KG8QrPmum45RTtdA==",
      "dependencies": {
        "core-util-is": "~1.0.0",
        "inherits": "~2.0.3",
        "isarray": "~1.0.0",
        "process-nextick-args": "~2.0.0",
        "safe-buffer": "~5.1.1",
        "string_decoder": "~1.1.1",
        "util-deprecate": "~1.0.1"
      }
    },
    "node_modules/reflect-metadata": {
      "version": "0.2.1",
      "resolved": "https://registry.npmjs.org/reflect-metadata/-/reflect-metadata-0.2.1.tgz",
      "integrity": "sha512-i5lLI6iw9AU3Uu4szRNPPEkomnkjRTaVt9hy/bn5g/oSzekBSMeLZblcjP74AW0vBabqERLLIrz+gR8QYR54Tw==",
      "peer": true
    },
    "node_modules/rxjs": {
      "version": "7.8.1",
      "resolved": "https://registry.npmjs.org/rxjs/-/rxjs-7.8.1.tgz",
      "integrity": "sha512-AA3TVj+0A2iuIoQkWEK/tqFjBq2j+6PO6Y0zJcvzLAFhEFIO3HL0vls9hWLncZbAAbK0mar7oZ4V079I/qPMxg==",
      "peer": true,
      "dependencies": {
        "tslib": "^2.1.0"
      }
    },
    "node_modules/safe-buffer": {
      "version": "5.1.2",
      "resolved": "https://registry.npmjs.org/safe-buffer/-/safe-buffer-5.1.2.tgz",
      "integrity": "sha512-Gd2UZBJDkXlY7GbJxfsE8/nvKkUEU1G38c1siN6QP6a9PT9MmHB8GnpscSmMJSoF8LOIrt8ud/wPtojys4G6+g=="
    },
    "node_modules/stream-concat-promise": {
      "version": "1.0.2",
      "resolved": "https://registry.npmjs.org/stream-concat-promise/-/stream-concat-promise-1.0.2.tgz",
      "integrity": "sha512-kI/fjn8jlIZx6+UrSKqgLR6qfF2KeLCTuGHViAY2nV5kixFQ8Zoe2K4EG4KQi5L6MjmDrOLR28ppWVaL1OaY9g==",
      "dependencies": {
        "concat-stream": "^1.4.7",
        "promise": "^6.1.0"
      }
    },
    "node_modules/string_decoder": {
      "version": "1.1.1",
      "resolved": "https://registry.npmjs.org/string_decoder/-/string_decoder-1.1.1.tgz",
      "integrity": "sha512-n/ShnvDi6FHbbVfviro+WojiFzv+s8MPMHBczVePfUpDJLwoLT0ht1l4YwBCbi8pJAveEEdnkHyPyTP/mzRfwg==",
      "dependencies": {
        "safe-buffer": "~5.1.0"
      }
    },
    "node_modules/tslib": {
      "version": "2.8.1",
      "resolved": "https://registry.npmjs.org/tslib/-/tslib-2.8.1.tgz",
      "integrity": "sha512-oJFu94HQb+KVduSUQL7wnpmqnfmLsOA/nAh6b6EH0wCEoK0/mPeXU6c3wKDV83MkOuHPRHtSXKKU99IBazS/2w=="
    },
    "node_modules/typedarray": {
      "version": "0.0.6",
      "resolved": "https://registry.npmjs.org/typedarray/-/typedarray-0.0.6.tgz",
      "integrity": "sha512-/aCDEGatGvZ2BIk+HmLf4ifCJFwvKFNb9/JeZPMulfgFracn9QFcAf5GO8B/mweUjSoblS5In0cWhqpfs/5PQA=="
    },
    "node_modules/typescript": {
      "version": "5.3.3",
      "resolved": "https://registry.npmjs.org/typescript/-/typescript-5.3.3.tgz",
      "integrity": "sha512-pXWcraxM0uxAS+tN0AG/BF2TyqmHO014Z070UsJ+pFvYuRSq8KH8DmWpnbXe0pEPDHXZV3FcAbJkijJ5oNEnWw==",
      "dev": true,
      "bin": {
        "tsc": "bin/tsc",
        "tsserver": "bin/tsserver"
      },
      "engines": {
        "node": ">=14.17"
      }
    },
    "node_modules/uid": {
      "version": "2.0.2",
      "resolved": "https://registry.npmjs.org/uid/-/uid-2.0.2.tgz",
      "integrity": "sha512-u3xV3X7uzvi5b1MncmZo3i2Aw222Zk1keqLA1YkHldREkAhAqi65wuPfe7lHx8H/Wzy+8CE7S7uS3jekIM5s8g==",
      "peer": true,
      "dependencies": {
        "@lukeed/csprng": "^1.0.0"
      },
      "engines": {
        "node": ">=8"
      }
    },
    "node_modules/util-deprecate": {
      "version": "1.0.2",
      "resolved": "https://registry.npmjs.org/util-deprecate/-/util-deprecate-1.0.2.tgz",
      "integrity": "sha512-EPD5q1uXyFxJpCrLnCc1nHnq3gOa6DZBocAIiI2TaSCA7VCJ1UJDMagCzIkXNsUYfD1daK//LTEQ8xiIbrHtcw=="
    }
  }
}
